
Microsoft Visual Studio Solution File, Format Version 12.00
# Visual Studio Version 16
VisualStudioVersion = 16.0.29926.136
MinimumVisualStudioVersion = 10.0.40219.1
Project("{FAE04EC0-301F-11D3-BF4B-00C04F79EFBC}") = "CustomList", "CustomList\CustomList.csproj", "{FDF0CF27-84F9-4422-890A-78E4B9C6BE73}"
EndProject
Global
	GlobalSection(SolutionConfigurationPlatforms) = preSolution
		Debug|Any CPU = Debug|Any CPU
		Release|Any CPU = Release|Any CPU
	EndGlobalSection
	GlobalSection(ProjectConfigurationPlatforms) = postSolution
		{FDF0CF27-84F9-4422-890A-78E4B9C6BE73}.Debug|Any CPU.ActiveCfg = Debug|Any CPU
		{FDF0CF27-84F9-4422-890A-78E4B9C6BE73}.Debug|Any CPU.Build.0 = Debug|Any CPU
		{FDF0CF27-84F9-4422-890A-78E4B9C6BE73}.Release|Any CPU.ActiveCfg = Release|Any CPU
		{FDF0CF27-84F9-4422-890A-78E4B9C6BE73}.Release|Any CPU.Build.0 = Release|Any CPU
	EndGlobalSection
	GlobalSection(SolutionProperties) = preSolution
		HideSolutionNode = FALSE
	EndGlobalSection
	GlobalSection(ExtensibilityGlobals) = postSolution
		SolutionGuid = {E4DFA2F3-652E-48FC-A380-FB96EECE0421}
	EndGlobalSection
EndGlobal
